# Code generated by scarb DO NOT EDIT.
version = 1

[[package]]
name = "dojo"
version = "1.6.1"
source = "git+https://github.com/dojoengine/dojo?tag=v1.6.1#a4f9445cf925e999d97038f596806ec307981a9b"
dependencies = [
 "dojo_plugin",
]

[[package]]
name = "dojo_cairo_test"
version = "1.6.1"
source = "git+https://github.com/dojoengine/dojo?tag=v1.6.1#a4f9445cf925e999d97038f596806ec307981a9b"
dependencies = [
 "dojo",
]

[[package]]
name = "dojo_plugin"
version = "2.10.1"
source = "git+https://github.com/dojoengine/dojo?tag=v1.6.1#a4f9445cf925e999d97038f596806ec307981a9b"

[[package]]
name = "lore"
version = "0.1.1"
dependencies = [
 "dojo",
 "dojo_cairo_test",
 "origami_random",
]

[[package]]
name = "origami_random"
version = "1.1.2"
source = "git+https://github.com/dojoengine/origami?tag=v1.6.1#81e49e9db43e8528cbb5d914e4da3479a9f02fb8"
